
Microsoft Visual Studio Solution File, Format Version 12.00
# Visual Studio Version 17
VisualStudioVersion = 17.3.32901.215
MinimumVisualStudioVersion = 10.0.40219.1
Project("{9A19103F-16F7-4668-BE54-9A1E7A4F7556}") = "Lab1", "Lab1\Lab1.csproj", "{AA122E13-F64A-419A-A2B3-CFA1DF9E108F}"
EndProject
Project("{8BC9CEB8-8B4A-11D0-8D11-00A0C91BC942}") = "Dll1", "Dll1\Dll1\Dll1.vcxproj", "{CA8B482D-CD82-4D3C-93D1-B662FE20E1AF}"
EndProject
Global
	GlobalSection(SolutionConfigurationPlatforms) = preSolution
		Debug|Any CPU = Debug|Any CPU
		Debug|x64 = Debug|x64
		Debug|x86 = Debug|x86
		Release|Any CPU = Release|Any CPU
		Release|x64 = Release|x64
		Release|x86 = Release|x86
	EndGlobalSection
	GlobalSection(ProjectConfigurationPlatforms) = postSolution
		{AA122E13-F64A-419A-A2B3-CFA1DF9E108F}.Debug|Any CPU.ActiveCfg = Debug|Any CPU
		{AA122E13-F64A-419A-A2B3-CFA1DF9E108F}.Debug|Any CPU.Build.0 = Debug|Any CPU
		{AA122E13-F64A-419A-A2B3-CFA1DF9E108F}.Debug|x64.ActiveCfg = Debug|x64
		{AA122E13-F64A-419A-A2B3-CFA1DF9E108F}.Debug|x64.Build.0 = Debug|x64
		{AA122E13-F64A-419A-A2B3-CFA1DF9E108F}.Debug|x86.ActiveCfg = Debug|x86
		{AA122E13-F64A-419A-A2B3-CFA1DF9E108F}.Debug|x86.Build.0 = Debug|x86
		{AA122E13-F64A-419A-A2B3-CFA1DF9E108F}.Release|Any CPU.ActiveCfg = Release|Any CPU
		{AA122E13-F64A-419A-A2B3-CFA1DF9E108F}.Release|Any CPU.Build.0 = Release|Any CPU
		{AA122E13-F64A-419A-A2B3-CFA1DF9E108F}.Release|x64.ActiveCfg = Release|x64
		{AA122E13-F64A-419A-A2B3-CFA1DF9E108F}.Release|x64.Build.0 = Release|x64
		{AA122E13-F64A-419A-A2B3-CFA1DF9E108F}.Release|x86.ActiveCfg = Release|x86
		{AA122E13-F64A-419A-A2B3-CFA1DF9E108F}.Release|x86.Build.0 = Release|x86
		{CA8B482D-CD82-4D3C-93D1-B662FE20E1AF}.Debug|Any CPU.ActiveCfg = Debug|x64
		{CA8B482D-CD82-4D3C-93D1-B662FE20E1AF}.Debug|Any CPU.Build.0 = Debug|x64
		{CA8B482D-CD82-4D3C-93D1-B662FE20E1AF}.Debug|x64.ActiveCfg = Debug|x64
		{CA8B482D-CD82-4D3C-93D1-B662FE20E1AF}.Debug|x64.Build.0 = Debug|x64
		{CA8B482D-CD82-4D3C-93D1-B662FE20E1AF}.Debug|x86.ActiveCfg = Debug|Win32
		{CA8B482D-CD82-4D3C-93D1-B662FE20E1AF}.Debug|x86.Build.0 = Debug|Win32
		{CA8B482D-CD82-4D3C-93D1-B662FE20E1AF}.Release|Any CPU.ActiveCfg = Release|x64
		{CA8B482D-CD82-4D3C-93D1-B662FE20E1AF}.Release|Any CPU.Build.0 = Release|x64
		{CA8B482D-CD82-4D3C-93D1-B662FE20E1AF}.Release|x64.ActiveCfg = Release|x64
		{CA8B482D-CD82-4D3C-93D1-B662FE20E1AF}.Release|x64.Build.0 = Release|x64
		{CA8B482D-CD82-4D3C-93D1-B662FE20E1AF}.Release|x86.ActiveCfg = Release|Win32
		{CA8B482D-CD82-4D3C-93D1-B662FE20E1AF}.Release|x86.Build.0 = Release|Win32
	EndGlobalSection
	GlobalSection(SolutionProperties) = preSolution
		HideSolutionNode = FALSE
	EndGlobalSection
	GlobalSection(ExtensibilityGlobals) = postSolution
		SolutionGuid = {F5DEC122-D194-46B9-951E-A965322E5750}
	EndGlobalSection
EndGlobal
